// !$*UTF8*$!
{
	archiveVersion = 1;
	classes = {
	};
	objectVersion = 50;
	objects = {

/* Begin PBXBuildFile section */
		8FFC13002604DD7A00783B38 /* NetworkManager.swift in Sources */ = {isa = PBXBuildFile; fileRef = 8FFC12FF2604DD7A00783B38 /* NetworkManager.swift */; };
		8FFC13032604E7B800783B38 /* ImageViewController.swift in Sources */ = {isa = PBXBuildFile; fileRef = 8FFC13022604E7B800783B38 /* ImageViewController.swift */; };
		8FFC13062604F50600783B38 /* ListViewController.swift in Sources */ = {isa = PBXBuildFile; fileRef = 8FFC13052604F50600783B38 /* ListViewController.swift */; };
		8FFC130E2604F76A00783B38 /* Model.swift in Sources */ = {isa = PBXBuildFile; fileRef = 8FFC130D2604F76A00783B38 /* Model.swift */; };
		9510DE6F2305898F0099F8D1 /* AppDelegate.swift in Sources */ = {isa = PBXBuildFile; fileRef = 9510DE6E2305898F0099F8D1 /* AppDelegate.swift */; };
		9510DE712305898F0099F8D1 /* ViewController.swift in Sources */ = {isa = PBXBuildFile; fileRef = 9510DE702305898F0099F8D1 /* ViewController.swift */; };
		9510DE742305898F0099F8D1 /* Main.storyboard in Resources */ = {isa = PBXBuildFile; fileRef = 9510DE722305898F0099F8D1 /* Main.storyboard */; };
		9510DE76230589900099F8D1 /* Assets.xcassets in Resources */ = {isa = PBXBuildFile; fileRef = 9510DE75230589900099F8D1 /* Assets.xcassets */; };
		9510DE79230589900099F8D1 /* LaunchScreen.storyboard in Resources */ = {isa = PBXBuildFile; fileRef = 9510DE77230589900099F8D1 /* LaunchScreen.storyboard */; };
/* End PBXBuildFile section */

/* Begin PBXFileReference section */
		8FFC12FF2604DD7A00783B38 /* NetworkManager.swift */ = {isa = PBXFileReference; lastKnownFileType = sourcecode.swift; path = NetworkManager.swift; sourceTree = "<group>"; };
		8FFC13022604E7B800783B38 /* ImageViewController.swift */ = {isa = PBXFileReference; lastKnownFileType = sourcecode.swift; path = ImageViewController.swift; sourceTree = "<group>"; };
		8FFC13052604F50600783B38 /* ListViewController.swift */ = {isa = PBXFileReference; lastKnownFileType = sourcecode.swift; path = ListViewController.swift; sourceTree = "<group>"; };
		8FFC130D2604F76A00783B38 /* Model.swift */ = {isa = PBXFileReference; lastKnownFileType = sourcecode.swift; path = Model.swift; sourceTree = "<group>"; };
		9510DE6B2305898F0099F8D1 /* Practice_Networking.app */ = {isa = PBXFileReference; explicitFileType = wrapper.application; includeInIndex = 0; path = Practice_Networking.app; sourceTree = BUILT_PRODUCTS_DIR; };
		9510DE6E2305898F0099F8D1 /* AppDelegate.swift */ = {isa = PBXFileReference; lastKnownFileType = sourcecode.swift; path = AppDelegate.swift; sourceTree = "<group>"; };
		9510DE702305898F0099F8D1 /* ViewController.swift */ = {isa = PBXFileReference; lastKnownFileType = sourcecode.swift; path = ViewController.swift; sourceTree = "<group>"; };
		9510DE732305898F0099F8D1 /* Base */ = {isa = PBXFileReference; lastKnownFileType = file.storyboard; name = Base; path = Base.lproj/Main.storyboard; sourceTree = "<group>"; };
		9510DE75230589900099F8D1 /* Assets.xcassets */ = {isa = PBXFileReference; lastKnownFileType = folder.assetcatalog; path = Assets.xcassets; sourceTree = "<group>"; };
		9510DE78230589900099F8D1 /* Base */ = {isa = PBXFileReference; lastKnownFileType = file.storyboard; name = Base; path = Base.lproj/LaunchScreen.storyboard; sourceTree = "<group>"; };
		9510DE7A230589900099F8D1 /* Info.plist */ = {isa = PBXFileReference; lastKnownFileType = text.plist.xml; path = Info.plist; sourceTree = "<group>"; };
/* End PBXFileReference section */

/* Begin PBXFrameworksBuildPhase section */
		9510DE682305898F0099F8D1 /* Frameworks */ = {
			isa = PBXFrameworksBuildPhase;
			buildActionMask = 2147483647;
			files = (
			);
			runOnlyForDeploymentPostprocessing = 0;
		};
/* End PBXFrameworksBuildPhase section */

/* Begin PBXGroup section */
		8FFC13082604F56300783B38 /* Supporting Files */ = {
			isa = PBXGroup;
			children = (
				9510DE6E2305898F0099F8D1 /* AppDelegate.swift */,
				9510DE75230589900099F8D1 /* Assets.xcassets */,
				9510DE77230589900099F8D1 /* LaunchScreen.storyboard */,
			);
			name = "Supporting Files";
			sourceTree = "<group>";
		};
		8FFC13092604F58D00783B38 /* Controller */ = {
			isa = PBXGroup;
			children = (
				9510DE702305898F0099F8D1 /* ViewController.swift */,
				8FFC13022604E7B800783B38 /* ImageViewController.swift */,
				8FFC13052604F50600783B38 /* ListViewController.swift */,
			);
			name = Controller;
			sourceTree = "<group>";
		};
		8FFC130A2604F59900783B38 /* View */ = {
			isa = PBXGroup;
			children = (
				9510DE722305898F0099F8D1 /* Main.storyboard */,
			);
			name = View;
			sourceTree = "<group>";
		};
		8FFC130C2604F74100783B38 /* Model */ = {
			isa = PBXGroup;
			children = (
				8FFC12FF2604DD7A00783B38 /* NetworkManager.swift */,
				8FFC130D2604F76A00783B38 /* Model.swift */,
			);
			name = Model;
			sourceTree = "<group>";
		};
		9510DE622305898F0099F8D1 = {
			isa = PBXGroup;
			children = (
				9510DE6D2305898F0099F8D1 /* Practice_Networking */,
				9510DE6C2305898F0099F8D1 /* Products */,
			);
			sourceTree = "<group>";
		};
		9510DE6C2305898F0099F8D1 /* Products */ = {
			isa = PBXGroup;
			children = (
				9510DE6B2305898F0099F8D1 /* Practice_Networking.app */,
			);
			name = Products;
			sourceTree = "<group>";
		};
		9510DE6D2305898F0099F8D1 /* Practice_Networking */ = {
			isa = PBXGroup;
			children = (
				8FFC130C2604F74100783B38 /* Model */,
				8FFC130A2604F59900783B38 /* View */,
				8FFC13092604F58D00783B38 /* Controller */,
				8FFC13082604F56300783B38 /* Supporting Files */,
				9510DE7A230589900099F8D1 /* Info.plist */,
			);
			path = Practice_Networking;
			sourceTree = "<group>";
		};
/* End PBXGroup section */

/* Begin PBXNativeTarget section */
		9510DE6A2305898F0099F8D1 /* Practice_Networking */ = {
			isa = PBXNativeTarget;
			buildConfigurationList = 9510DE7D230589900099F8D1 /* Build configuration list for PBXNativeTarget "Practice_Networking" */;
			buildPhases = (
				9510DE672305898F0099F8D1 /* Sources */,
				9510DE682305898F0099F8D1 /* Frameworks */,
				9510DE692305898F0099F8D1 /* Resources */,
			);
			buildRules = (
			);
			dependencies = (
			);
			name = Practice_Networking;
			productName = Practice_Networking;
			productReference = 9510DE6B2305898F0099F8D1 /* Practice_Networking.app */;
			productType = "com.apple.product-type.application";
		};
/* End PBXNativeTarget section */

/* Begin PBXProject section */
		9510DE632305898F0099F8D1 /* Project object */ = {
			isa = PBXProject;
			attributes = {
				LastSwiftUpdateCheck = 1020;
				LastUpgradeCheck = 1020;
				ORGANIZATIONNAME = "NIX Solitions";
				TargetAttributes = {
					9510DE6A2305898F0099F8D1 = {
						CreatedOnToolsVersion = 10.2;
					};
				};
			};
			buildConfigurationList = 9510DE662305898F0099F8D1 /* Build configuration list for PBXProject "Practice_Networking" */;
			compatibilityVersion = "Xcode 9.3";
			developmentRegion = en;
			hasScannedForEncodings = 0;
			knownRegions = (
				en,
				Base,
			);
			mainGroup = 9510DE622305898F0099F8D1;
			productRefGroup = 9510DE6C2305898F0099F8D1 /* Products */;
			projectDirPath = "";
			projectRoot = "";
			targets = (
				9510DE6A2305898F0099F8D1 /* Practice_Networking */,
			);
		};
/* End PBXProject section */

/* Begin PBXResourcesBuildPhase section */
		9510DE692305898F0099F8D1 /* Resources */ = {
			isa = PBXResourcesBuildPhase;
			buildActionMask = 2147483647;
			files = (
				9510DE79230589900099F8D1 /* LaunchScreen.storyboard in Resources */,
				9510DE76230589900099F8D1 /* Assets.xcassets in Resources */,
				9510DE742305898F0099F8D1 /* Main.storyboard in Resources */,
			);
			runOnlyForDeploymentPostprocessing = 0;
		};
/* End PBXResourcesBuildPhase section */

/* Begin PBXSourcesBuildPhase section */
		9510DE672305898F0099F8D1 /* Sources */ = {
			isa = PBXSourcesBuildPhase;
			buildActionMask = 2147483647;
			files = (
				8FFC13002604DD7A00783B38 /* NetworkManager.swift in Sources */,
				9510DE712305898F0099F8D1 /* ViewController.swift in Sources */,
				8FFC13032604E7B800783B38 /* ImageViewController.swift in Sources */,
				8FFC130E2604F76A00783B38 /* Model.swift in Sources */,
				8FFC13062604F50600783B38 /* ListViewController.swift in Sources */,
				9510DE6F2305898F0099F8D1 /* AppDelegate.swift in Sources */,
			);
			runOnlyForDeploymentPostprocessing = 0;
		};
/* End PBXSourcesBuildPhase section */

/* Begin PBXVariantGroup section */
		9510DE722305898F0099F8D1 /* Main.storyboard */ = {
			isa = PBXVariantGroup;
			children = (
				9510DE732305898F0099F8D1 /* Base */,
			);
			name = Main.storyboard;
			sourceTree = "<group>";
		};
		9510DE77230589900099F8D1 /* LaunchScreen.storyboard */ = {
			isa = PBXVariantGroup;
			children = (
				9510DE78230589900099F8D1 /* Base */,
			);
			name = LaunchScreen.storyboard;
			sourceTree = "<group>";
		};
/* End PBXVariantGroup section */

/* Begin XCBuildConfiguration section */
		9510DE7B230589900099F8D1 /* Debug */ = {
			isa = XCBuildConfiguration;
			buildSettings = {
				ALWAYS_SEARCH_USER_PATHS = NO;
				CLANG_ANALYZER_NONNULL = YES;
				CLANG_ANALYZER_NUMBER_OBJECT_CONVERSION = YES_AGGRESSIVE;
				CLANG_CXX_LANGUAGE_STANDARD = "gnu++14";
				CLANG_CXX_LIBRARY = "libc++";
				CLANG_ENABLE_MODULES = YES;
				CLANG_ENABLE_OBJC_ARC = YES;
				CLANG_ENABLE_OBJC_WEAK = YES;
				CLANG_WARN_BLOCK_CAPTURE_AUTORELEASING = YES;
				CLANG_WARN_BOOL_CONVERSION = YES;
				CLANG_WARN_COMMA = YES;
				CLANG_WARN_CONSTANT_CONVERSION = YES;
				CLANG_WARN_DEPRECATED_OBJC_IMPLEMENTATIONS = YES;
				CLANG_WARN_DIRECT_OBJC_ISA_USAGE = YES_ERROR;
				CLANG_WARN_DOCUMENTATION_COMMENTS = YES;
				CLANG_WARN_EMPTY_BODY = YES;
				CLANG_WARN_ENUM_CONVERSION = YES;
				CLANG_WARN_INFINITE_RECURSION = YES;
				CLANG_WARN_INT_CONVERSION = YES;
				CLANG_WARN_NON_LITERAL_NULL_CONVERSION = YES;
				CLANG_WARN_OBJC_IMPLICIT_RETAIN_SELF = YES;
				CLANG_WARN_OBJC_LITERAL_CONVERSION = YES;
				CLANG_WARN_OBJC_ROOT_CLASS = YES_ERROR;
				CLANG_WARN_RANGE_LOOP_ANALYSIS = YES;
				CLANG_WARN_STRICT_PROTOTYPES = YES;
				CLANG_WARN_SUSPICIOUS_MOVE = YES;
				CLANG_WARN_UNGUARDED_AVAILABILITY = YES_AGGRESSIVE;
				CLANG_WARN_UNREACHABLE_CODE = YES;
				CLANG_WARN__DUPLICATE_METHOD_MATCH = YES;
				CODE_SIGN_IDENTITY = "iPhone Developer";
				COPY_PHASE_STRIP = NO;
				DEBUG_INFORMATION_FORMAT = dwarf;
				ENABLE_STRICT_OBJC_MSGSEND = YES;
				ENABLE_TESTABILITY = YES;
				GCC_C_LANGUAGE_STANDARD = gnu11;
				GCC_DYNAMIC_NO_PIC = NO;
				GCC_NO_COMMON_BLOCKS = YES;
				GCC_OPTIMIZATION_LEVEL = 0;
				GCC_PREPROCESSOR_DEFINITIONS = (
					"DEBUG=1",
					"$(inherited)",
				);
				GCC_WARN_64_TO_32_BIT_CONVERSION = YES;
				GCC_WARN_ABOUT_RETURN_TYPE = YES_ERROR;
				GCC_WARN_UNDECLARED_SELECTOR = YES;
				GCC_WARN_UNINITIALIZED_AUTOS = YES_AGGRESSIVE;
				GCC_WARN_UNUSED_FUNCTION = YES;
				GCC_WARN_UNUSED_VARIABLE = YES;
				IPHONEOS_DEPLOYMENT_TARGET = 12.2;
				MTL_ENABLE_DEBUG_INFO = INCLUDE_SOURCE;
				MTL_FAST_MATH = YES;
				ONLY_ACTIVE_ARCH = YES;
				SDKROOT = iphoneos;
				SWIFT_ACTIVE_COMPILATION_CONDITIONS = DEBUG;
				SWIFT_OPTIMIZATION_LEVEL = "-Onone";
			};
			name = Debug;
		};
		9510DE7C230589900099F8D1 /* Release */ = {
			isa = XCBuildConfiguration;
			buildSettings = {
				ALWAYS_SEARCH_USER_PATHS = NO;
				CLANG_ANALYZER_NONNULL = YES;
				CLANG_ANALYZER_NUMBER_OBJECT_CONVERSION = YES_AGGRESSIVE;
				CLANG_CXX_LANGUAGE_STANDARD = "gnu++14";
				CLANG_CXX_LIBRARY = "libc++";
				CLANG_ENABLE_MODULES = YES;
				CLANG_ENABLE_OBJC_ARC = YES;
				CLANG_ENABLE_OBJC_WEAK = YES;
				CLANG_WARN_BLOCK_CAPTURE_AUTORELEASING = YES;
				CLANG_WARN_BOOL_CONVERSION = YES;
				CLANG_WARN_COMMA = YES;
				CLANG_WARN_CONSTANT_CONVERSION = YES;
				CLANG_WARN_DEPRECATED_OBJC_IMPLEMENTATIONS = YES;
				CLANG_WARN_DIRECT_OBJC_ISA_USAGE = YES_ERROR;
				CLANG_WARN_DOCUMENTATION_COMMENTS = YES;
				CLANG_WARN_EMPTY_BODY = YES;
				CLANG_WARN_ENUM_CONVERSION = YES;
				CLANG_WARN_INFINITE_RECURSION = YES;
				CLANG_WARN_INT_CONVERSION = YES;
				CLANG_WARN_NON_LITERAL_NULL_CONVERSION = YES;
				CLANG_WARN_OBJC_IMPLICIT_RETAIN_SELF = YES;
				CLANG_WARN_OBJC_LITERAL_CONVERSION = YES;
				CLANG_WARN_OBJC_ROOT_CLASS = YES_ERROR;
				CLANG_WARN_RANGE_LOOP_ANALYSIS = YES;
				CLANG_WARN_STRICT_PROTOTYPES = YES;
				CLANG_WARN_SUSPICIOUS_MOVE = YES;
				CLANG_WARN_UNGUARDED_AVAILABILITY = YES_AGGRESSIVE;
				CLANG_WARN_UNREACHABLE_CODE = YES;
				CLANG_WARN__DUPLICATE_METHOD_MATCH = YES;
				CODE_SIGN_IDENTITY = "iPhone Developer";
				COPY_PHASE_STRIP = NO;
				DEBUG_INFORMATION_FORMAT = "dwarf-with-dsym";
				ENABLE_NS_ASSERTIONS = NO;
				ENABLE_STRICT_OBJC_MSGSEND = YES;
				GCC_C_LANGUAGE_STANDARD = gnu11;
				GCC_NO_COMMON_BLOCKS = YES;
				GCC_WARN_64_TO_32_BIT_CONVERSION = YES;
				GCC_WARN_ABOUT_RETURN_TYPE = YES_ERROR;
				GCC_WARN_UNDECLARED_SELECTOR = YES;
				GCC_WARN_UNINITIALIZED_AUTOS = YES_AGGRESSIVE;
				GCC_WARN_UNUSED_FUNCTION = YES;
				GCC_WARN_UNUSED_VARIABLE = YES;
				IPHONEOS_DEPLOYMENT_TARGET = 12.2;
				MTL_ENABLE_DEBUG_INFO = NO;
				MTL_FAST_MATH = YES;
				SDKROOT = iphoneos;
				SWIFT_COMPILATION_MODE = wholemodule;
				SWIFT_OPTIMIZATION_LEVEL = "-O";
				VALIDATE_PRODUCT = YES;
			};
			name = Release;
		};
		9510DE7E230589900099F8D1 /* Debug */ = {
			isa = XCBuildConfiguration;
			buildSettings = {
				ASSETCATALOG_COMPILER_APPICON_NAME = AppIcon;
				CODE_SIGN_STYLE = Automatic;
				DEVELOPMENT_TEAM = HD2JR64NHW;
				INFOPLIST_FILE = Practice_Networking/Info.plist;
				LD_RUNPATH_SEARCH_PATHS = (
					"$(inherited)",
					"@executable_path/Frameworks",
				);
				PRODUCT_BUNDLE_IDENTIFIER = "nix.Practice-Networking";
				PRODUCT_NAME = "$(TARGET_NAME)";
				SWIFT_VERSION = 5.0;
				TARGETED_DEVICE_FAMILY = "1,2";
			};
			name = Debug;
		};
		9510DE7F230589900099F8D1 /* Release */ = {
			isa = XCBuildConfiguration;
			buildSettings = {
				ASSETCATALOG_COMPILER_APPICON_NAME = AppIcon;
				CODE_SIGN_STYLE = Automatic;
				DEVELOPMENT_TEAM = HD2JR64NHW;
				INFOPLIST_FILE = Practice_Networking/Info.plist;
				LD_RUNPATH_SEARCH_PATHS = (
					"$(inherited)",
					"@executable_path/Frameworks",
				);
				PRODUCT_BUNDLE_IDENTIFIER = "nix.Practice-Networking";
				PRODUCT_NAME = "$(TARGET_NAME)";
				SWIFT_VERSION = 5.0;
				TARGETED_DEVICE_FAMILY = "1,2";
			};
			name = Release;
		};
/* End XCBuildConfiguration section */

/* Begin XCConfigurationList section */
		9510DE662305898F0099F8D1 /* Build configuration list for PBXProject "Practice_Networking" */ = {
			isa = XCConfigurationList;
			buildConfigurations = (
				9510DE7B230589900099F8D1 /* Debug */,
				9510DE7C230589900099F8D1 /* Release */,
			);
			defaultConfigurationIsVisible = 0;
			defaultConfigurationName = Release;
		};
		9510DE7D230589900099F8D1 /* Build configuration list for PBXNativeTarget "Practice_Networking" */ = {
			isa = XCConfigurationList;
			buildConfigurations = (
				9510DE7E230589900099F8D1 /* Debug */,
				9510DE7F230589900099F8D1 /* Release */,
			);
			defaultConfigurationIsVisible = 0;
			defaultConfigurationName = Release;
		};
/* End XCConfigurationList section */
	};
	rootObject = 9510DE632305898F0099F8D1 /* Project object */;
}
